
Microsoft Visual Studio Solution File, Format Version 12.00
# Visual Studio 14
VisualStudioVersion = 14.0.24720.0
MinimumVisualStudioVersion = 10.0.40219.1
Project("{182E2583-ECAD-465B-BB50-91101D7C24CE}") = "TelReducer_USQL", "TelReducer_USQL\TelReducer_USQL.usqlproj", "{83EFC542-3703-40F6-A223-36A1E3C2DF42}"
EndProject
Global
	GlobalSection(SolutionConfigurationPlatforms) = preSolution
		Debug|Any CPU = Debug|Any CPU
		Release|Any CPU = Release|Any CPU
	EndGlobalSection
	GlobalSection(ProjectConfigurationPlatforms) = postSolution
		{83EFC542-3703-40F6-A223-36A1E3C2DF42}.Debug|Any CPU.ActiveCfg = Debug|Any CPU
		{83EFC542-3703-40F6-A223-36A1E3C2DF42}.Debug|Any CPU.Build.0 = Debug|Any CPU
		{83EFC542-3703-40F6-A223-36A1E3C2DF42}.Release|Any CPU.ActiveCfg = Release|Any CPU
		{83EFC542-3703-40F6-A223-36A1E3C2DF42}.Release|Any CPU.Build.0 = Release|Any CPU
	EndGlobalSection
	GlobalSection(SolutionProperties) = preSolution
		HideSolutionNode = FALSE
	EndGlobalSection
EndGlobal
